{
  "name": "my-ts-template",
  "version": "1.0.0",
  "lockfileVersion": 3,
  "requires": true,
  "packages": {
    "": {
      "name": "my-ts-template",
      "version": "1.0.0",
      "license": "ISC",
      "dependencies": {
        "@types/prompt-sync": "^4.2.3",
        "prompt-sync": "^4.2.0"
      },
      "devDependencies": {
        "@swc/core": "^1.10.18",
        "@swc/helpers": "^0.5.15",
        "@swc/register": "^0.1.10",
        "@types/node": "^22.13.5",
        "typescript": "^5.7.3"
      }
    },
    "node_modules/@swc/core": {
      "version": "1.10.18",
      "resolved": "https://registry.npmjs.org/@swc/core/-/core-1.10.18.tgz",
      "integrity": "sha512-IUWKD6uQYGRy8w2X9EZrtYg1O3SCijlHbCXzMaHQYc1X7yjijQh4H3IVL9ssZZyVp2ZDfQZu4bD5DWxxvpyjvg==",
      "dev": true,
      "hasInstallScript": true,
      "dependencies": {
        "@swc/counter": "^0.1.3",
        "@swc/types": "^0.1.17"
      },
      "engines": {
        "node": ">=10"
      },
      "funding": {
        "type": "opencollective",
        "url": "https://opencollective.com/swc"
      },
      "optionalDependencies": {
        "@swc/core-darwin-arm64": "1.10.18",
        "@swc/core-darwin-x64": "1.10.18",
        "@swc/core-linux-arm-gnueabihf": "1.10.18",
        "@swc/core-linux-arm64-gnu": "1.10.18",
        "@swc/core-linux-arm64-musl": "1.10.18",
        "@swc/core-linux-x64-gnu": "1.10.18",
        "@swc/core-linux-x64-musl": "1.10.18",
        "@swc/core-win32-arm64-msvc": "1.10.18",
        "@swc/core-win32-ia32-msvc": "1.10.18",
        "@swc/core-win32-x64-msvc": "1.10.18"
      },
      "peerDependencies": {
        "@swc/helpers": "*"
      },
      "peerDependenciesMeta": {
        "@swc/helpers": {
          "optional": true
        }
      }
    },
    "node_modules/@swc/core-darwin-arm64": {
      "version": "1.10.18",
      "resolved": "https://registry.npmjs.org/@swc/core-darwin-arm64/-/core-darwin-arm64-1.10.18.tgz",
      "integrity": "sha512-FdGqzAIKVQJu8ROlnHElP59XAUsUzCFSNsou+tY/9ba+lhu8R9v0OI5wXiPErrKGZpQFMmx/BPqqhx3X4SuGNg==",
      "cpu": [
        "arm64"
      ],
      "dev": true,
      "optional": true,
      "os": [
        "darwin"
      ],
      "engines": {
        "node": ">=10"
      }
    },
    "node_modules/@swc/core-darwin-x64": {
      "version": "1.10.18",
      "resolved": "https://registry.npmjs.org/@swc/core-darwin-x64/-/core-darwin-x64-1.10.18.tgz",
      "integrity": "sha512-RZ73gZRituL/ZVLgrW6BYnQ5g8tuStG4cLUiPGJsUZpUm0ullSH6lHFvZTCBNFTfpQChG6eEhi2IdG6DwFp1lw==",
      "cpu": [
        "x64"
      ],
      "dev": true,
      "optional": true,
      "os": [
        "darwin"
      ],
      "engines": {
        "node": ">=10"
      }
    },
    "node_modules/@swc/core-linux-arm-gnueabihf": {
      "version": "1.10.18",
      "resolved": "https://registry.npmjs.org/@swc/core-linux-arm-gnueabihf/-/core-linux-arm-gnueabihf-1.10.18.tgz",
      "integrity": "sha512-8iJqI3EkxJuuq21UHoen1VS+QlS23RvynRuk95K+Q2HBjygetztCGGEc+Xelx9a0uPkDaaAtFvds4JMDqb9SAA==",
      "cpu": [
        "arm"
      ],
      "dev": true,
      "optional": true,
      "os": [
        "linux"
      ],
      "engines": {
        "node": ">=10"
      }
    },
    "node_modules/@swc/core-linux-arm64-gnu": {
      "version": "1.10.18",
      "resolved": "https://registry.npmjs.org/@swc/core-linux-arm64-gnu/-/core-linux-arm64-gnu-1.10.18.tgz",
      "integrity": "sha512-8f1kSktWzMB6PG+r8lOlCfXz5E8Qhsmfwonn77T/OfjvGwQaWrcoASh2cdjpk3dydbf8jsKGPQE1lSc7GyjXRQ==",
      "cpu": [
        "arm64"
      ],
      "dev": true,
      "optional": true,
      "os": [
        "linux"
      ],
      "engines": {
        "node": ">=10"
      }
    },
    "node_modules/@swc/core-linux-arm64-musl": {
      "version": "1.10.18",
      "resolved": "https://registry.npmjs.org/@swc/core-linux-arm64-musl/-/core-linux-arm64-musl-1.10.18.tgz",
      "integrity": "sha512-4rv+E4VLdgQw6zjbTAauCAEExxChvxMpBUMCiZweTNPKbJJ2dY6BX2WGJ1ea8+RcgqR/Xysj3AFbOz1LBz6dGA==",
      "cpu": [
        "arm64"
      ],
      "dev": true,
      "optional": true,
      "os": [
        "linux"
      ],
      "engines": {
        "node": ">=10"
      }
    },
    "node_modules/@swc/core-linux-x64-gnu": {
      "version": "1.10.18",
      "resolved": "https://registry.npmjs.org/@swc/core-linux-x64-gnu/-/core-linux-x64-gnu-1.10.18.tgz",
      "integrity": "sha512-vTNmyRBVP+sZca+vtwygYPGTNudTU6Gl6XhaZZ7cEUTBr8xvSTgEmYXoK/2uzyXpaTUI4Bmtp1x81cGN0mMoLQ==",
      "cpu": [
        "x64"
      ],
      "dev": true,
      "optional": true,
      "os": [
        "linux"
      ],
      "engines": {
        "node": ">=10"
      }
    },
    "node_modules/@swc/core-linux-x64-musl": {
      "version": "1.10.18",
      "resolved": "https://registry.npmjs.org/@swc/core-linux-x64-musl/-/core-linux-x64-musl-1.10.18.tgz",
      "integrity": "sha512-1TZPReKhFCeX776XaT6wegknfg+g3zODve+r4oslFHI+g7cInfWlxoGNDS3niPKyuafgCdOjme2g3OF+zzxfsQ==",
      "cpu": [
        "x64"
      ],
      "dev": true,
      "optional": true,
      "os": [
        "linux"
      ],
      "engines": {
        "node": ">=10"
      }
    },
    "node_modules/@swc/core-win32-arm64-msvc": {
      "version": "1.10.18",
      "resolved": "https://registry.npmjs.org/@swc/core-win32-arm64-msvc/-/core-win32-arm64-msvc-1.10.18.tgz",
      "integrity": "sha512-o/2CsaWSN3bkzVQ6DA+BiFKSVEYvhWGA1h+wnL2zWmIDs2Knag54sOEXZkCaf8YQyZesGeXJtPEy9hh/vjJgkA==",
      "cpu": [
        "arm64"
      ],
      "dev": true,
      "optional": true,
      "os": [
        "win32"
      ],
      "engines": {
        "node": ">=10"
      }
    },
    "node_modules/@swc/core-win32-ia32-msvc": {
      "version": "1.10.18",
      "resolved": "https://registry.npmjs.org/@swc/core-win32-ia32-msvc/-/core-win32-ia32-msvc-1.10.18.tgz",
      "integrity": "sha512-eTPASeJtk4mJDfWiYEiOC6OYUi/N7meHbNHcU8e+aKABonhXrIo/FmnTE8vsUtC6+jakT1TQBdiQ8fzJ1kJVwA==",
      "cpu": [
        "ia32"
      ],
      "dev": true,
      "optional": true,
      "os": [
        "win32"
      ],
      "engines": {
        "node": ">=10"
      }
    },
    "node_modules/@swc/core-win32-x64-msvc": {
      "version": "1.10.18",
      "resolved": "https://registry.npmjs.org/@swc/core-win32-x64-msvc/-/core-win32-x64-msvc-1.10.18.tgz",
      "integrity": "sha512-1Dud8CDBnc34wkBOboFBQud9YlV1bcIQtKSg7zC8LtwR3h+XAaCayZPkpGmmAlCv1DLQPvkF+s0JcaVC9mfffQ==",
      "cpu": [
        "x64"
      ],
      "dev": true,
      "optional": true,
      "os": [
        "win32"
      ],
      "engines": {
        "node": ">=10"
      }
    },
    "node_modules/@swc/counter": {
      "version": "0.1.3",
      "resolved": "https://registry.npmjs.org/@swc/counter/-/counter-0.1.3.tgz",
      "integrity": "sha512-e2BR4lsJkkRlKZ/qCHPw9ZaSxc0MVUd7gtbtaB7aMvHeJVYe8sOB8DBZkP2DtISHGSku9sCK6T6cnY0CtXrOCQ==",
      "dev": true
    },
    "node_modules/@swc/helpers": {
      "version": "0.5.15",
      "resolved": "https://registry.npmjs.org/@swc/helpers/-/helpers-0.5.15.tgz",
      "integrity": "sha512-JQ5TuMi45Owi4/BIMAJBoSQoOJu12oOk/gADqlcUL9JEdHB8vyjUSsxqeNXnmXHjYKMi2WcYtezGEEhqUI/E2g==",
      "dev": true,
      "dependencies": {
        "tslib": "^2.8.0"
      }
    },
    "node_modules/@swc/register": {
      "version": "0.1.10",
      "resolved": "https://registry.npmjs.org/@swc/register/-/register-0.1.10.tgz",
      "integrity": "sha512-6STwH/q4dc3pitXLVkV7sP0Hiy+zBsU2wOF1aXpXR95pnH3RYHKIsDC+gvesfyB7jxNT9OOZgcqOp9RPxVTx9A==",
      "deprecated": "Use @swc-node/register instead",
      "dev": true,
      "dependencies": {
        "lodash.clonedeep": "^4.5.0",
        "pirates": "^4.0.1",
        "source-map-support": "^0.5.13"
      },
      "bin": {
        "swc-node": "bin/swc-node"
      },
      "peerDependencies": {
        "@swc/core": "^1.0.46"
      }
    },
    "node_modules/@swc/types": {
      "version": "0.1.17",
      "resolved": "https://registry.npmjs.org/@swc/types/-/types-0.1.17.tgz",
      "integrity": "sha512-V5gRru+aD8YVyCOMAjMpWR1Ui577DD5KSJsHP8RAxopAH22jFz6GZd/qxqjO6MJHQhcsjvjOFXyDhyLQUnMveQ==",
      "dev": true,
      "dependencies": {
        "@swc/counter": "^0.1.3"
      }
    },
    "node_modules/@types/node": {
      "version": "22.13.5",
      "resolved": "https://registry.npmjs.org/@types/node/-/node-22.13.5.tgz",
      "integrity": "sha512-+lTU0PxZXn0Dr1NBtC7Y8cR21AJr87dLLU953CWA6pMxxv/UDc7jYAY90upcrie1nRcD6XNG5HOYEDtgW5TxAg==",
      "dev": true,
      "dependencies": {
        "undici-types": "~6.20.0"
      }
    },
    "node_modules/@types/prompt-sync": {
      "version": "4.2.3",
      "resolved": "https://registry.npmjs.org/@types/prompt-sync/-/prompt-sync-4.2.3.tgz",
      "integrity": "sha512-Ox77gCSx0YyeakGt/qfOZUSFNSSi+sh3ABoGOiCwiO2KODx492BJnUm9oIXS+AHJtqp12iM4RduY6viTJ9bYwA=="
    },
    "node_modules/ansi-regex": {
      "version": "4.1.1",
      "resolved": "https://registry.npmjs.org/ansi-regex/-/ansi-regex-4.1.1.tgz",
      "integrity": "sha512-ILlv4k/3f6vfQ4OoP2AGvirOktlQ98ZEL1k9FaQjxa3L1abBgbuTDAdPOpvbGncC0BTVQrl+OM8xZGK6tWXt7g==",
      "engines": {
        "node": ">=6"
      }
    },
    "node_modules/buffer-from": {
      "version": "1.1.2",
      "resolved": "https://registry.npmjs.org/buffer-from/-/buffer-from-1.1.2.tgz",
      "integrity": "sha512-E+XQCRwSbaaiChtv6k6Dwgc+bx+Bs6vuKJHHl5kox/BaKbhiXzqQOwK4cO22yElGp2OCmjwVhT3HmxgyPGnJfQ==",
      "dev": true
    },
    "node_modules/lodash.clonedeep": {
      "version": "4.5.0",
      "resolved": "https://registry.npmjs.org/lodash.clonedeep/-/lodash.clonedeep-4.5.0.tgz",
      "integrity": "sha512-H5ZhCF25riFd9uB5UCkVKo61m3S/xZk1x4wA6yp/L3RFP6Z/eHH1ymQcGLo7J3GMPfm0V/7m1tryHuGVxpqEBQ==",
      "dev": true
    },
    "node_modules/pirates": {
      "version": "4.0.6",
      "resolved": "https://registry.npmjs.org/pirates/-/pirates-4.0.6.tgz",
      "integrity": "sha512-saLsH7WeYYPiD25LDuLRRY/i+6HaPYr6G1OUlN39otzkSTxKnubR9RTxS3/Kk50s1g2JTgFwWQDQyplC5/SHZg==",
      "dev": true,
      "engines": {
        "node": ">= 6"
      }
    },
    "node_modules/prompt-sync": {
      "version": "4.2.0",
      "resolved": "https://registry.npmjs.org/prompt-sync/-/prompt-sync-4.2.0.tgz",
      "integrity": "sha512-BuEzzc5zptP5LsgV5MZETjDaKSWfchl5U9Luiu8SKp7iZWD5tZalOxvNcZRwv+d2phNFr8xlbxmFNcRKfJOzJw==",
      "dependencies": {
        "strip-ansi": "^5.0.0"
      }
    },
    "node_modules/source-map": {
      "version": "0.6.1",
      "resolved": "https://registry.npmjs.org/source-map/-/source-map-0.6.1.tgz",
      "integrity": "sha512-UjgapumWlbMhkBgzT7Ykc5YXUT46F0iKu8SGXq0bcwP5dz/h0Plj6enJqjz1Zbq2l5WaqYnrVbwWOWMyF3F47g==",
      "dev": true,
      "engines": {
        "node": ">=0.10.0"
      }
    },
    "node_modules/source-map-support": {
      "version": "0.5.21",
      "resolved": "https://registry.npmjs.org/source-map-support/-/source-map-support-0.5.21.tgz",
      "integrity": "sha512-uBHU3L3czsIyYXKX88fdrGovxdSCoTGDRZ6SYXtSRxLZUzHg5P/66Ht6uoUlHu9EZod+inXhKo3qQgwXUT/y1w==",
      "dev": true,
      "dependencies": {
        "buffer-from": "^1.0.0",
        "source-map": "^0.6.0"
      }
    },
    "node_modules/strip-ansi": {
      "version": "5.2.0",
      "resolved": "https://registry.npmjs.org/strip-ansi/-/strip-ansi-5.2.0.tgz",
      "integrity": "sha512-DuRs1gKbBqsMKIZlrffwlug8MHkcnpjs5VPmL1PAh+mA30U0DTotfDZ0d2UUsXpPmPmMMJ6W773MaA3J+lbiWA==",
      "dependencies": {
        "ansi-regex": "^4.1.0"
      },
      "engines": {
        "node": ">=6"
      }
    },
    "node_modules/tslib": {
      "version": "2.8.1",
      "resolved": "https://registry.npmjs.org/tslib/-/tslib-2.8.1.tgz",
      "integrity": "sha512-oJFu94HQb+KVduSUQL7wnpmqnfmLsOA/nAh6b6EH0wCEoK0/mPeXU6c3wKDV83MkOuHPRHtSXKKU99IBazS/2w==",
      "dev": true
    },
    "node_modules/typescript": {
      "version": "5.7.3",
      "resolved": "https://registry.npmjs.org/typescript/-/typescript-5.7.3.tgz",
      "integrity": "sha512-84MVSjMEHP+FQRPy3pX9sTVV/INIex71s9TL2Gm5FG/WG1SqXeKyZ0k7/blY/4FdOzI12CBy1vGc4og/eus0fw==",
      "dev": true,
      "bin": {
        "tsc": "bin/tsc",
        "tsserver": "bin/tsserver"
      },
      "engines": {
        "node": ">=14.17"
      }
    },
    "node_modules/undici-types": {
      "version": "6.20.0",
      "resolved": "https://registry.npmjs.org/undici-types/-/undici-types-6.20.0.tgz",
      "integrity": "sha512-Ny6QZ2Nju20vw1SRHe3d9jVu6gJ+4e3+MMpqu7pqE5HT6WsTSlce++GQmK5UXS8mzV8DSYHrQH+Xrf2jVcuKNg==",
      "dev": true
    }
  }
}
